
Microsoft Visual Studio Solution File, Format Version 12.00
# Visual Studio Version 17
VisualStudioVersion = 17.11.35312.102
MinimumVisualStudioVersion = 10.0.40219.1
Project("{FAE04EC0-301F-11D3-BF4B-00C04F79EFBC}") = "Hospital", "Hospital\Hospital.csproj", "{E78BAA49-6D29-45F8-9B5D-706E0C73EC18}"
EndProject
Global
	GlobalSection(SolutionConfigurationPlatforms) = preSolution
		Debug|Any CPU = Debug|Any CPU
		Release|Any CPU = Release|Any CPU
	EndGlobalSection
	GlobalSection(ProjectConfigurationPlatforms) = postSolution
		{E78BAA49-6D29-45F8-9B5D-706E0C73EC18}.Debug|Any CPU.ActiveCfg = Debug|Any CPU
		{E78BAA49-6D29-45F8-9B5D-706E0C73EC18}.Debug|Any CPU.Build.0 = Debug|Any CPU
		{E78BAA49-6D29-45F8-9B5D-706E0C73EC18}.Release|Any CPU.ActiveCfg = Release|Any CPU
		{E78BAA49-6D29-45F8-9B5D-706E0C73EC18}.Release|Any CPU.Build.0 = Release|Any CPU
	EndGlobalSection
	GlobalSection(SolutionProperties) = preSolution
		HideSolutionNode = FALSE
	EndGlobalSection
	GlobalSection(ExtensibilityGlobals) = postSolution
		SolutionGuid = {DA4810BD-8A86-4B1E-ABBB-3200EC701597}
	EndGlobalSection
EndGlobal
